// !$*UTF8*$!
{
	archiveVersion = 1;
	classes = {
	};
	objectVersion = 51;
	objects = {

/* Begin PBXBuildFile section */
		183AF649A29DFDA15501C1D6 /* Pods_AppStoreCloning.framework in Frameworks */ = {isa = PBXBuildFile; fileRef = D412B24F294BF0AF74B6D4E1 /* Pods_AppStoreCloning.framework */; };
		9E1DB63E26FDB4B70016FDCF /* NewFindingsTableViewCell.swift in Sources */ = {isa = PBXBuildFile; fileRef = 9E1DB63D26FDB4B70016FDCF /* NewFindingsTableViewCell.swift */; };
		9E661D2826F5C32E00817EA9 /* UIView+Extension.swift in Sources */ = {isa = PBXBuildFile; fileRef = 9E661D2726F5C32E00817EA9 /* UIView+Extension.swift */; };
		9E8F703526D213A200613B9B /* AppDelegate.swift in Sources */ = {isa = PBXBuildFile; fileRef = 9E8F703426D213A200613B9B /* AppDelegate.swift */; };
		9E8F703726D213A200613B9B /* SceneDelegate.swift in Sources */ = {isa = PBXBuildFile; fileRef = 9E8F703626D213A200613B9B /* SceneDelegate.swift */; };
		9E8F703E26D213A500613B9B /* Assets.xcassets in Resources */ = {isa = PBXBuildFile; fileRef = 9E8F703D26D213A500613B9B /* Assets.xcassets */; };
		9EE1C46A26DA186E0074E680 /* SearchResult.swift in Sources */ = {isa = PBXBuildFile; fileRef = 9EE1C46926DA186E0074E680 /* SearchResult.swift */; };
		9EE1C46E26DA1C8E0074E680 /* SearchViewController.swift in Sources */ = {isa = PBXBuildFile; fileRef = 9EE1C46D26DA1C8E0074E680 /* SearchViewController.swift */; };
		9EE1C47126DA219A0074E680 /* Request.swift in Sources */ = {isa = PBXBuildFile; fileRef = 9EE1C47026DA219A0074E680 /* Request.swift */; };
		9EE1C47426DA24060074E680 /* APIService.swift in Sources */ = {isa = PBXBuildFile; fileRef = 9EE1C47326DA24060074E680 /* APIService.swift */; };
		9EE1C47826DBA1C70074E680 /* ViewModelType.swift in Sources */ = {isa = PBXBuildFile; fileRef = 9EE1C47726DBA1C70074E680 /* ViewModelType.swift */; };
		9EE1C47B26DBA2340074E680 /* SearchViewModel.swift in Sources */ = {isa = PBXBuildFile; fileRef = 9EE1C47A26DBA2340074E680 /* SearchViewModel.swift */; };
		9EF11E0826FF16C30005EBA5 /* RecommendTableViewCell.swift in Sources */ = {isa = PBXBuildFile; fileRef = 9EF11E0726FF16C30005EBA5 /* RecommendTableViewCell.swift */; };
		9EF11E0B27003AB50005EBA5 /* RecommendedApplication.swift in Sources */ = {isa = PBXBuildFile; fileRef = 9EF11E0A27003AB50005EBA5 /* RecommendedApplication.swift */; };
		9EF11E0F270094440005EBA5 /* MultipleSectionModel.swift in Sources */ = {isa = PBXBuildFile; fileRef = 9EF11E0E270094440005EBA5 /* MultipleSectionModel.swift */; };
		9EF11E11270094890005EBA5 /* SectionItem.swift in Sources */ = {isa = PBXBuildFile; fileRef = 9EF11E10270094890005EBA5 /* SectionItem.swift */; };
		9EF11E132700BF3B0005EBA5 /* SearchResultTableViewCell.swift in Sources */ = {isa = PBXBuildFile; fileRef = 9EF11E122700BF3B0005EBA5 /* SearchResultTableViewCell.swift */; };
/* End PBXBuildFile section */

/* Begin PBXFileReference section */
		1FD77074D294602D226CE9AD /* Pods-AppStoreCloning.release.xcconfig */ = {isa = PBXFileReference; includeInIndex = 1; lastKnownFileType = text.xcconfig; name = "Pods-AppStoreCloning.release.xcconfig"; path = "Target Support Files/Pods-AppStoreCloning/Pods-AppStoreCloning.release.xcconfig"; sourceTree = "<group>"; };
		298E2A23AB2F37AC947188F0 /* Pods-AppStoreCloning.debug.xcconfig */ = {isa = PBXFileReference; includeInIndex = 1; lastKnownFileType = text.xcconfig; name = "Pods-AppStoreCloning.debug.xcconfig"; path = "Target Support Files/Pods-AppStoreCloning/Pods-AppStoreCloning.debug.xcconfig"; sourceTree = "<group>"; };
		9E1DB63D26FDB4B70016FDCF /* NewFindingsTableViewCell.swift */ = {isa = PBXFileReference; lastKnownFileType = sourcecode.swift; path = NewFindingsTableViewCell.swift; sourceTree = "<group>"; };
		9E661D2726F5C32E00817EA9 /* UIView+Extension.swift */ = {isa = PBXFileReference; lastKnownFileType = sourcecode.swift; path = "UIView+Extension.swift"; sourceTree = "<group>"; };
		9E8F703126D213A200613B9B /* AppStoreCloning.app */ = {isa = PBXFileReference; explicitFileType = wrapper.application; includeInIndex = 0; path = AppStoreCloning.app; sourceTree = BUILT_PRODUCTS_DIR; };
		9E8F703426D213A200613B9B /* AppDelegate.swift */ = {isa = PBXFileReference; lastKnownFileType = sourcecode.swift; path = AppDelegate.swift; sourceTree = "<group>"; };
		9E8F703626D213A200613B9B /* SceneDelegate.swift */ = {isa = PBXFileReference; lastKnownFileType = sourcecode.swift; path = SceneDelegate.swift; sourceTree = "<group>"; };
		9E8F703D26D213A500613B9B /* Assets.xcassets */ = {isa = PBXFileReference; lastKnownFileType = folder.assetcatalog; path = Assets.xcassets; sourceTree = "<group>"; };
		9E8F704226D213A500613B9B /* Info.plist */ = {isa = PBXFileReference; lastKnownFileType = text.plist.xml; path = Info.plist; sourceTree = "<group>"; };
		9EE1C46926DA186E0074E680 /* SearchResult.swift */ = {isa = PBXFileReference; lastKnownFileType = sourcecode.swift; path = SearchResult.swift; sourceTree = "<group>"; };
		9EE1C46D26DA1C8E0074E680 /* SearchViewController.swift */ = {isa = PBXFileReference; lastKnownFileType = sourcecode.swift; path = SearchViewController.swift; sourceTree = "<group>"; };
		9EE1C47026DA219A0074E680 /* Request.swift */ = {isa = PBXFileReference; lastKnownFileType = sourcecode.swift; path = Request.swift; sourceTree = "<group>"; };
		9EE1C47326DA24060074E680 /* APIService.swift */ = {isa = PBXFileReference; lastKnownFileType = sourcecode.swift; path = APIService.swift; sourceTree = "<group>"; };
		9EE1C47726DBA1C70074E680 /* ViewModelType.swift */ = {isa = PBXFileReference; lastKnownFileType = sourcecode.swift; path = ViewModelType.swift; sourceTree = "<group>"; };
		9EE1C47A26DBA2340074E680 /* SearchViewModel.swift */ = {isa = PBXFileReference; lastKnownFileType = sourcecode.swift; path = SearchViewModel.swift; sourceTree = "<group>"; };
		9EF11E0726FF16C30005EBA5 /* RecommendTableViewCell.swift */ = {isa = PBXFileReference; lastKnownFileType = sourcecode.swift; path = RecommendTableViewCell.swift; sourceTree = "<group>"; };
		9EF11E0A27003AB50005EBA5 /* RecommendedApplication.swift */ = {isa = PBXFileReference; lastKnownFileType = sourcecode.swift; path = RecommendedApplication.swift; sourceTree = "<group>"; };
		9EF11E0E270094440005EBA5 /* MultipleSectionModel.swift */ = {isa = PBXFileReference; lastKnownFileType = sourcecode.swift; path = MultipleSectionModel.swift; sourceTree = "<group>"; };
		9EF11E10270094890005EBA5 /* SectionItem.swift */ = {isa = PBXFileReference; lastKnownFileType = sourcecode.swift; path = SectionItem.swift; sourceTree = "<group>"; };
		9EF11E122700BF3B0005EBA5 /* SearchResultTableViewCell.swift */ = {isa = PBXFileReference; lastKnownFileType = sourcecode.swift; path = SearchResultTableViewCell.swift; sourceTree = "<group>"; };
		D412B24F294BF0AF74B6D4E1 /* Pods_AppStoreCloning.framework */ = {isa = PBXFileReference; explicitFileType = wrapper.framework; includeInIndex = 0; path = Pods_AppStoreCloning.framework; sourceTree = BUILT_PRODUCTS_DIR; };
/* End PBXFileReference section */

/* Begin PBXFrameworksBuildPhase section */
		9E8F702E26D213A200613B9B /* Frameworks */ = {
			isa = PBXFrameworksBuildPhase;
			buildActionMask = 2147483647;
			files = (
				183AF649A29DFDA15501C1D6 /* Pods_AppStoreCloning.framework in Frameworks */,
			);
			runOnlyForDeploymentPostprocessing = 0;
		};
/* End PBXFrameworksBuildPhase section */

/* Begin PBXGroup section */
		034C3AF0031AAF34CA202AB9 /* Frameworks */ = {
			isa = PBXGroup;
			children = (
				D412B24F294BF0AF74B6D4E1 /* Pods_AppStoreCloning.framework */,
			);
			name = Frameworks;
			sourceTree = "<group>";
		};
		9E1DB63C26FDB4950016FDCF /* Cell */ = {
			isa = PBXGroup;
			children = (
				9E1DB63D26FDB4B70016FDCF /* NewFindingsTableViewCell.swift */,
				9EF11E0726FF16C30005EBA5 /* RecommendTableViewCell.swift */,
				9EF11E122700BF3B0005EBA5 /* SearchResultTableViewCell.swift */,
			);
			path = Cell;
			sourceTree = "<group>";
		};
		9E661D2626F5C31A00817EA9 /* Extension */ = {
			isa = PBXGroup;
			children = (
				9E661D2726F5C32E00817EA9 /* UIView+Extension.swift */,
			);
			path = Extension;
			sourceTree = "<group>";
		};
		9E8F702826D213A100613B9B = {
			isa = PBXGroup;
			children = (
				9E8F703326D213A200613B9B /* AppStoreCloning */,
				9E8F703226D213A200613B9B /* Products */,
				CD8D6FEE81233B281DFAF517 /* Pods */,
				034C3AF0031AAF34CA202AB9 /* Frameworks */,
			);
			sourceTree = "<group>";
		};
		9E8F703226D213A200613B9B /* Products */ = {
			isa = PBXGroup;
			children = (
				9E8F703126D213A200613B9B /* AppStoreCloning.app */,
			);
			name = Products;
			sourceTree = "<group>";
		};
		9E8F703326D213A200613B9B /* AppStoreCloning */ = {
			isa = PBXGroup;
			children = (
				9EE1C47D26DBAFC20074E680 /* Support */,
				9EE1C47526DBA1750074E680 /* Global */,
				9EE1C46B26DA1C560074E680 /* Screen */,
				9EE1C46726DA18230074E680 /* Service */,
				9E8F704226D213A500613B9B /* Info.plist */,
			);
			path = AppStoreCloning;
			sourceTree = "<group>";
		};
		9EE1C46726DA18230074E680 /* Service */ = {
			isa = PBXGroup;
			children = (
				9EE1C47C26DBAFB20074E680 /* Request */,
				9EE1C46826DA184C0074E680 /* Response */,
				9EE1C47326DA24060074E680 /* APIService.swift */,
			);
			path = Service;
			sourceTree = "<group>";
		};
		9EE1C46826DA184C0074E680 /* Response */ = {
			isa = PBXGroup;
			children = (
				9EE1C46926DA186E0074E680 /* SearchResult.swift */,
			);
			path = Response;
			sourceTree = "<group>";
		};
		9EE1C46B26DA1C560074E680 /* Screen */ = {
			isa = PBXGroup;
			children = (
				9EE1C46C26DA1C5C0074E680 /* Search */,
			);
			path = Screen;
			sourceTree = "<group>";
		};
		9EE1C46C26DA1C5C0074E680 /* Search */ = {
			isa = PBXGroup;
			children = (
				9EF11E0927003A970005EBA5 /* Model */,
				9E1DB63C26FDB4950016FDCF /* Cell */,
				9EE1C47926DBA1F90074E680 /* ViewModel */,
				9EE1C46F26DA21220074E680 /* ViewController */,
			);
			path = Search;
			sourceTree = "<group>";
		};
		9EE1C46F26DA21220074E680 /* ViewController */ = {
			isa = PBXGroup;
			children = (
				9EE1C46D26DA1C8E0074E680 /* SearchViewController.swift */,
			);
			path = ViewController;
			sourceTree = "<group>";
		};
		9EE1C47526DBA1750074E680 /* Global */ = {
			isa = PBXGroup;
			children = (
				9EF11E0D270094320005EBA5 /* Enum */,
				9E661D2626F5C31A00817EA9 /* Extension */,
				9EE1C47626DBA1820074E680 /* Protocol */,
			);
			path = Global;
			sourceTree = "<group>";
		};
		9EE1C47626DBA1820074E680 /* Protocol */ = {
			isa = PBXGroup;
			children = (
				9EE1C47726DBA1C70074E680 /* ViewModelType.swift */,
			);
			path = Protocol;
			sourceTree = "<group>";
		};
		9EE1C47926DBA1F90074E680 /* ViewModel */ = {
			isa = PBXGroup;
			children = (
				9EE1C47A26DBA2340074E680 /* SearchViewModel.swift */,
			);
			path = ViewModel;
			sourceTree = "<group>";
		};
		9EE1C47C26DBAFB20074E680 /* Request */ = {
			isa = PBXGroup;
			children = (
				9EE1C47026DA219A0074E680 /* Request.swift */,
			);
			path = Request;
			sourceTree = "<group>";
		};
		9EE1C47D26DBAFC20074E680 /* Support */ = {
			isa = PBXGroup;
			children = (
				9EE1C47E26DBAFF40074E680 /* Delegate */,
				9E8F703D26D213A500613B9B /* Assets.xcassets */,
			);
			path = Support;
			sourceTree = "<group>";
		};
		9EE1C47E26DBAFF40074E680 /* Delegate */ = {
			isa = PBXGroup;
			children = (
				9E8F703426D213A200613B9B /* AppDelegate.swift */,
				9E8F703626D213A200613B9B /* SceneDelegate.swift */,
			);
			path = Delegate;
			sourceTree = "<group>";
		};
		9EF11E0927003A970005EBA5 /* Model */ = {
			isa = PBXGroup;
			children = (
				9EF11E0A27003AB50005EBA5 /* RecommendedApplication.swift */,
			);
			path = Model;
			sourceTree = "<group>";
		};
		9EF11E0D270094320005EBA5 /* Enum */ = {
			isa = PBXGroup;
			children = (
				9EF11E0E270094440005EBA5 /* MultipleSectionModel.swift */,
				9EF11E10270094890005EBA5 /* SectionItem.swift */,
			);
			path = Enum;
			sourceTree = "<group>";
		};
		CD8D6FEE81233B281DFAF517 /* Pods */ = {
			isa = PBXGroup;
			children = (
				298E2A23AB2F37AC947188F0 /* Pods-AppStoreCloning.debug.xcconfig */,
				1FD77074D294602D226CE9AD /* Pods-AppStoreCloning.release.xcconfig */,
			);
			path = Pods;
			sourceTree = "<group>";
		};
/* End PBXGroup section */

/* Begin PBXNativeTarget section */
		9E8F703026D213A200613B9B /* AppStoreCloning */ = {
			isa = PBXNativeTarget;
			buildConfigurationList = 9E8F704526D213A500613B9B /* Build configuration list for PBXNativeTarget "AppStoreCloning" */;
			buildPhases = (
				FE74AB89B1872683B4F12F9D /* [CP] Check Pods Manifest.lock */,
				9E8F702D26D213A200613B9B /* Sources */,
				9E8F702E26D213A200613B9B /* Frameworks */,
				9E8F702F26D213A200613B9B /* Resources */,
				38B3F33371EF0F88CD8B04B5 /* [CP] Embed Pods Frameworks */,
			);
			buildRules = (
			);
			dependencies = (
			);
			name = AppStoreCloning;
			productName = AppStoreCloning;
			productReference = 9E8F703126D213A200613B9B /* AppStoreCloning.app */;
			productType = "com.apple.product-type.application";
		};
/* End PBXNativeTarget section */

/* Begin PBXProject section */
		9E8F702926D213A100613B9B /* Project object */ = {
			isa = PBXProject;
			attributes = {
				LastSwiftUpdateCheck = 1250;
				LastUpgradeCheck = 1250;
				TargetAttributes = {
					9E8F703026D213A200613B9B = {
						CreatedOnToolsVersion = 12.5.1;
					};
				};
			};
			buildConfigurationList = 9E8F702C26D213A100613B9B /* Build configuration list for PBXProject "AppStoreCloning" */;
			compatibilityVersion = "Xcode 9.3";
			developmentRegion = en;
			hasScannedForEncodings = 0;
			knownRegions = (
				en,
				Base,
			);
			mainGroup = 9E8F702826D213A100613B9B;
			productRefGroup = 9E8F703226D213A200613B9B /* Products */;
			projectDirPath = "";
			projectRoot = "";
			targets = (
				9E8F703026D213A200613B9B /* AppStoreCloning */,
			);
		};
/* End PBXProject section */

/* Begin PBXResourcesBuildPhase section */
		9E8F702F26D213A200613B9B /* Resources */ = {
			isa = PBXResourcesBuildPhase;
			buildActionMask = 2147483647;
			files = (
				9E8F703E26D213A500613B9B /* Assets.xcassets in Resources */,
			);
			runOnlyForDeploymentPostprocessing = 0;
		};
/* End PBXResourcesBuildPhase section */

/* Begin PBXShellScriptBuildPhase section */
		38B3F33371EF0F88CD8B04B5 /* [CP] Embed Pods Frameworks */ = {
			isa = PBXShellScriptBuildPhase;
			buildActionMask = 2147483647;
			files = (
			);
			inputFileListPaths = (
				"${PODS_ROOT}/Target Support Files/Pods-AppStoreCloning/Pods-AppStoreCloning-frameworks-${CONFIGURATION}-input-files.xcfilelist",
			);
			name = "[CP] Embed Pods Frameworks";
			outputFileListPaths = (
				"${PODS_ROOT}/Target Support Files/Pods-AppStoreCloning/Pods-AppStoreCloning-frameworks-${CONFIGURATION}-output-files.xcfilelist",
			);
			runOnlyForDeploymentPostprocessing = 0;
			shellPath = /bin/sh;
			shellScript = "\"${PODS_ROOT}/Target Support Files/Pods-AppStoreCloning/Pods-AppStoreCloning-frameworks.sh\"\n";
			showEnvVarsInLog = 0;
		};
		FE74AB89B1872683B4F12F9D /* [CP] Check Pods Manifest.lock */ = {
			isa = PBXShellScriptBuildPhase;
			buildActionMask = 2147483647;
			files = (
			);
			inputFileListPaths = (
			);
			inputPaths = (
				"${PODS_PODFILE_DIR_PATH}/Podfile.lock",
				"${PODS_ROOT}/Manifest.lock",
			);
			name = "[CP] Check Pods Manifest.lock";
			outputFileListPaths = (
			);
			outputPaths = (
				"$(DERIVED_FILE_DIR)/Pods-AppStoreCloning-checkManifestLockResult.txt",
			);
			runOnlyForDeploymentPostprocessing = 0;
			shellPath = /bin/sh;
			shellScript = "diff \"${PODS_PODFILE_DIR_PATH}/Podfile.lock\" \"${PODS_ROOT}/Manifest.lock\" > /dev/null\nif [ $? != 0 ] ; then\n    # print error to STDERR\n    echo \"error: The sandbox is not in sync with the Podfile.lock. Run 'pod install' or update your CocoaPods installation.\" >&2\n    exit 1\nfi\n# This output is used by Xcode 'outputs' to avoid re-running this script phase.\necho \"SUCCESS\" > \"${SCRIPT_OUTPUT_FILE_0}\"\n";
			showEnvVarsInLog = 0;
		};
/* End PBXShellScriptBuildPhase section */

/* Begin PBXSourcesBuildPhase section */
		9E8F702D26D213A200613B9B /* Sources */ = {
			isa = PBXSourcesBuildPhase;
			buildActionMask = 2147483647;
			files = (
				9EE1C46E26DA1C8E0074E680 /* SearchViewController.swift in Sources */,
				9E1DB63E26FDB4B70016FDCF /* NewFindingsTableViewCell.swift in Sources */,
				9EF11E132700BF3B0005EBA5 /* SearchResultTableViewCell.swift in Sources */,
				9EE1C47426DA24060074E680 /* APIService.swift in Sources */,
				9EF11E11270094890005EBA5 /* SectionItem.swift in Sources */,
				9EF11E0F270094440005EBA5 /* MultipleSectionModel.swift in Sources */,
				9EE1C47126DA219A0074E680 /* Request.swift in Sources */,
				9EE1C47826DBA1C70074E680 /* ViewModelType.swift in Sources */,
				9E8F703526D213A200613B9B /* AppDelegate.swift in Sources */,
				9EE1C47B26DBA2340074E680 /* SearchViewModel.swift in Sources */,
				9EE1C46A26DA186E0074E680 /* SearchResult.swift in Sources */,
				9EF11E0826FF16C30005EBA5 /* RecommendTableViewCell.swift in Sources */,
				9E8F703726D213A200613B9B /* SceneDelegate.swift in Sources */,
				9E661D2826F5C32E00817EA9 /* UIView+Extension.swift in Sources */,
				9EF11E0B27003AB50005EBA5 /* RecommendedApplication.swift in Sources */,
			);
			runOnlyForDeploymentPostprocessing = 0;
		};
/* End PBXSourcesBuildPhase section */

/* Begin XCBuildConfiguration section */
		9E8F704326D213A500613B9B /* Debug */ = {
			isa = XCBuildConfiguration;
			buildSettings = {
				ALWAYS_SEARCH_USER_PATHS = NO;
				CLANG_ANALYZER_NONNULL = YES;
				CLANG_ANALYZER_NUMBER_OBJECT_CONVERSION = YES_AGGRESSIVE;
				CLANG_CXX_LANGUAGE_STANDARD = "gnu++14";
				CLANG_CXX_LIBRARY = "libc++";
				CLANG_ENABLE_MODULES = YES;
				CLANG_ENABLE_OBJC_ARC = YES;
				CLANG_ENABLE_OBJC_WEAK = YES;
				CLANG_WARN_BLOCK_CAPTURE_AUTORELEASING = YES;
				CLANG_WARN_BOOL_CONVERSION = YES;
				CLANG_WARN_COMMA = YES;
				CLANG_WARN_CONSTANT_CONVERSION = YES;
				CLANG_WARN_DEPRECATED_OBJC_IMPLEMENTATIONS = YES;
				CLANG_WARN_DIRECT_OBJC_ISA_USAGE = YES_ERROR;
				CLANG_WARN_DOCUMENTATION_COMMENTS = YES;
				CLANG_WARN_EMPTY_BODY = YES;
				CLANG_WARN_ENUM_CONVERSION = YES;
				CLANG_WARN_INFINITE_RECURSION = YES;
				CLANG_WARN_INT_CONVERSION = YES;
				CLANG_WARN_NON_LITERAL_NULL_CONVERSION = YES;
				CLANG_WARN_OBJC_IMPLICIT_RETAIN_SELF = YES;
				CLANG_WARN_OBJC_LITERAL_CONVERSION = YES;
				CLANG_WARN_OBJC_ROOT_CLASS = YES_ERROR;
				CLANG_WARN_QUOTED_INCLUDE_IN_FRAMEWORK_HEADER = YES;
				CLANG_WARN_RANGE_LOOP_ANALYSIS = YES;
				CLANG_WARN_STRICT_PROTOTYPES = YES;
				CLANG_WARN_SUSPICIOUS_MOVE = YES;
				CLANG_WARN_UNGUARDED_AVAILABILITY = YES_AGGRESSIVE;
				CLANG_WARN_UNREACHABLE_CODE = YES;
				CLANG_WARN__DUPLICATE_METHOD_MATCH = YES;
				COPY_PHASE_STRIP = NO;
				DEBUG_INFORMATION_FORMAT = dwarf;
				ENABLE_STRICT_OBJC_MSGSEND = YES;
				ENABLE_TESTABILITY = YES;
				GCC_C_LANGUAGE_STANDARD = gnu11;
				GCC_DYNAMIC_NO_PIC = NO;
				GCC_NO_COMMON_BLOCKS = YES;
				GCC_OPTIMIZATION_LEVEL = 0;
				GCC_PREPROCESSOR_DEFINITIONS = (
					"DEBUG=1",
					"$(inherited)",
				);
				GCC_WARN_64_TO_32_BIT_CONVERSION = YES;
				GCC_WARN_ABOUT_RETURN_TYPE = YES_ERROR;
				GCC_WARN_UNDECLARED_SELECTOR = YES;
				GCC_WARN_UNINITIALIZED_AUTOS = YES_AGGRESSIVE;
				GCC_WARN_UNUSED_FUNCTION = YES;
				GCC_WARN_UNUSED_VARIABLE = YES;
				IPHONEOS_DEPLOYMENT_TARGET = 14.5;
				MTL_ENABLE_DEBUG_INFO = INCLUDE_SOURCE;
				MTL_FAST_MATH = YES;
				ONLY_ACTIVE_ARCH = YES;
				SDKROOT = iphoneos;
				SWIFT_ACTIVE_COMPILATION_CONDITIONS = DEBUG;
				SWIFT_OPTIMIZATION_LEVEL = "-Onone";
			};
			name = Debug;
		};
		9E8F704426D213A500613B9B /* Release */ = {
			isa = XCBuildConfiguration;
			buildSettings = {
				ALWAYS_SEARCH_USER_PATHS = NO;
				CLANG_ANALYZER_NONNULL = YES;
				CLANG_ANALYZER_NUMBER_OBJECT_CONVERSION = YES_AGGRESSIVE;
				CLANG_CXX_LANGUAGE_STANDARD = "gnu++14";
				CLANG_CXX_LIBRARY = "libc++";
				CLANG_ENABLE_MODULES = YES;
				CLANG_ENABLE_OBJC_ARC = YES;
				CLANG_ENABLE_OBJC_WEAK = YES;
				CLANG_WARN_BLOCK_CAPTURE_AUTORELEASING = YES;
				CLANG_WARN_BOOL_CONVERSION = YES;
				CLANG_WARN_COMMA = YES;
				CLANG_WARN_CONSTANT_CONVERSION = YES;
				CLANG_WARN_DEPRECATED_OBJC_IMPLEMENTATIONS = YES;
				CLANG_WARN_DIRECT_OBJC_ISA_USAGE = YES_ERROR;
				CLANG_WARN_DOCUMENTATION_COMMENTS = YES;
				CLANG_WARN_EMPTY_BODY = YES;
				CLANG_WARN_ENUM_CONVERSION = YES;
				CLANG_WARN_INFINITE_RECURSION = YES;
				CLANG_WARN_INT_CONVERSION = YES;
				CLANG_WARN_NON_LITERAL_NULL_CONVERSION = YES;
				CLANG_WARN_OBJC_IMPLICIT_RETAIN_SELF = YES;
				CLANG_WARN_OBJC_LITERAL_CONVERSION = YES;
				CLANG_WARN_OBJC_ROOT_CLASS = YES_ERROR;
				CLANG_WARN_QUOTED_INCLUDE_IN_FRAMEWORK_HEADER = YES;
				CLANG_WARN_RANGE_LOOP_ANALYSIS = YES;
				CLANG_WARN_STRICT_PROTOTYPES = YES;
				CLANG_WARN_SUSPICIOUS_MOVE = YES;
				CLANG_WARN_UNGUARDED_AVAILABILITY = YES_AGGRESSIVE;
				CLANG_WARN_UNREACHABLE_CODE = YES;
				CLANG_WARN__DUPLICATE_METHOD_MATCH = YES;
				COPY_PHASE_STRIP = NO;
				DEBUG_INFORMATION_FORMAT = "dwarf-with-dsym";
				ENABLE_NS_ASSERTIONS = NO;
				ENABLE_STRICT_OBJC_MSGSEND = YES;
				GCC_C_LANGUAGE_STANDARD = gnu11;
				GCC_NO_COMMON_BLOCKS = YES;
				GCC_WARN_64_TO_32_BIT_CONVERSION = YES;
				GCC_WARN_ABOUT_RETURN_TYPE = YES_ERROR;
				GCC_WARN_UNDECLARED_SELECTOR = YES;
				GCC_WARN_UNINITIALIZED_AUTOS = YES_AGGRESSIVE;
				GCC_WARN_UNUSED_FUNCTION = YES;
				GCC_WARN_UNUSED_VARIABLE = YES;
				IPHONEOS_DEPLOYMENT_TARGET = 14.5;
				MTL_ENABLE_DEBUG_INFO = NO;
				MTL_FAST_MATH = YES;
				SDKROOT = iphoneos;
				SWIFT_COMPILATION_MODE = wholemodule;
				SWIFT_OPTIMIZATION_LEVEL = "-O";
				VALIDATE_PRODUCT = YES;
			};
			name = Release;
		};
		9E8F704626D213A500613B9B /* Debug */ = {
			isa = XCBuildConfiguration;
			baseConfigurationReference = 298E2A23AB2F37AC947188F0 /* Pods-AppStoreCloning.debug.xcconfig */;
			buildSettings = {
				ASSETCATALOG_COMPILER_APPICON_NAME = AppIcon;
				ASSETCATALOG_COMPILER_GLOBAL_ACCENT_COLOR_NAME = AccentColor;
				CODE_SIGN_STYLE = Automatic;
				DEVELOPMENT_TEAM = WFRFQ5S6AR;
				INFOPLIST_FILE = AppStoreCloning/Info.plist;
				LD_RUNPATH_SEARCH_PATHS = (
					"$(inherited)",
					"@executable_path/Frameworks",
				);
				PRODUCT_BUNDLE_IDENTIFIER = com.minseung.AppStoreCloning;
				PRODUCT_NAME = "$(TARGET_NAME)";
				SWIFT_VERSION = 5.0;
				TARGETED_DEVICE_FAMILY = 1;
			};
			name = Debug;
		};
		9E8F704726D213A500613B9B /* Release */ = {
			isa = XCBuildConfiguration;
			baseConfigurationReference = 1FD77074D294602D226CE9AD /* Pods-AppStoreCloning.release.xcconfig */;
			buildSettings = {
				ASSETCATALOG_COMPILER_APPICON_NAME = AppIcon;
				ASSETCATALOG_COMPILER_GLOBAL_ACCENT_COLOR_NAME = AccentColor;
				CODE_SIGN_STYLE = Automatic;
				DEVELOPMENT_TEAM = WFRFQ5S6AR;
				INFOPLIST_FILE = AppStoreCloning/Info.plist;
				LD_RUNPATH_SEARCH_PATHS = (
					"$(inherited)",
					"@executable_path/Frameworks",
				);
				PRODUCT_BUNDLE_IDENTIFIER = com.minseung.AppStoreCloning;
				PRODUCT_NAME = "$(TARGET_NAME)";
				SWIFT_VERSION = 5.0;
				TARGETED_DEVICE_FAMILY = 1;
			};
			name = Release;
		};
/* End XCBuildConfiguration section */

/* Begin XCConfigurationList section */
		9E8F702C26D213A100613B9B /* Build configuration list for PBXProject "AppStoreCloning" */ = {
			isa = XCConfigurationList;
			buildConfigurations = (
				9E8F704326D213A500613B9B /* Debug */,
				9E8F704426D213A500613B9B /* Release */,
			);
			defaultConfigurationIsVisible = 0;
			defaultConfigurationName = Release;
		};
		9E8F704526D213A500613B9B /* Build configuration list for PBXNativeTarget "AppStoreCloning" */ = {
			isa = XCConfigurationList;
			buildConfigurations = (
				9E8F704626D213A500613B9B /* Debug */,
				9E8F704726D213A500613B9B /* Release */,
			);
			defaultConfigurationIsVisible = 0;
			defaultConfigurationName = Release;
		};
/* End XCConfigurationList section */
	};
	rootObject = 9E8F702926D213A100613B9B /* Project object */;
}
